// !$*UTF8*$!
{
	archiveVersion = 1;
	classes = {
	};
	objectVersion = 46;
	objects = {

/* Begin PBXBuildFile section */
		34BF44D018ACDB8700B66045 /* Foundation.framework in Frameworks */ = {isa = PBXBuildFile; fileRef = 34BF44CF18ACDB8700B66045 /* Foundation.framework */; };
		34BF44D218ACDB8700B66045 /* CoreGraphics.framework in Frameworks */ = {isa = PBXBuildFile; fileRef = 34BF44D118ACDB8700B66045 /* CoreGraphics.framework */; };
		34BF44D418ACDB8700B66045 /* UIKit.framework in Frameworks */ = {isa = PBXBuildFile; fileRef = 34BF44D318ACDB8700B66045 /* UIKit.framework */; };
		34BF44DA18ACDB8700B66045 /* InfoPlist.strings in Resources */ = {isa = PBXBuildFile; fileRef = 34BF44D818ACDB8700B66045 /* InfoPlist.strings */; };
		34BF44DC18ACDB8700B66045 /* main.m in Sources */ = {isa = PBXBuildFile; fileRef = 34BF44DB18ACDB8700B66045 /* main.m */; };
		34BF44E018ACDB8700B66045 /* AppDelegate.m in Sources */ = {isa = PBXBuildFile; fileRef = 34BF44DF18ACDB8700B66045 /* AppDelegate.m */; };
		34BF44E618ACDB8700B66045 /* ViewController.m in Sources */ = {isa = PBXBuildFile; fileRef = 34BF44E518ACDB8700B66045 /* ViewController.m */; };
		34BF44E818ACDB8800B66045 /* Images.xcassets in Resources */ = {isa = PBXBuildFile; fileRef = 34BF44E718ACDB8800B66045 /* Images.xcassets */; };
		34BF44EF18ACDB8800B66045 /* XCTest.framework in Frameworks */ = {isa = PBXBuildFile; fileRef = 34BF44EE18ACDB8800B66045 /* XCTest.framework */; };
		34BF44F018ACDB8800B66045 /* Foundation.framework in Frameworks */ = {isa = PBXBuildFile; fileRef = 34BF44CF18ACDB8700B66045 /* Foundation.framework */; };
		34BF44F118ACDB8800B66045 /* UIKit.framework in Frameworks */ = {isa = PBXBuildFile; fileRef = 34BF44D318ACDB8700B66045 /* UIKit.framework */; };
		34BF44F918ACDB8800B66045 /* InfoPlist.strings in Resources */ = {isa = PBXBuildFile; fileRef = 34BF44F718ACDB8800B66045 /* InfoPlist.strings */; };
		34BF44FB18ACDB8800B66045 /* ConferenceTests.m in Sources */ = {isa = PBXBuildFile; fileRef = 34BF44FA18ACDB8800B66045 /* ConferenceTests.m */; };
		AA26B59D18ED6B9D00399BEA /* DocumentPopoverViewController.m in Sources */ = {isa = PBXBuildFile; fileRef = AA26B59C18ED6B9D00399BEA /* DocumentPopoverViewController.m */; };
		AA27A6DD18ED8E5E000EAFE4 /* DocumentViewController.m in Sources */ = {isa = PBXBuildFile; fileRef = AA27A6DC18ED8E5E000EAFE4 /* DocumentViewController.m */; };
		AA47749318CF55370074BA46 /* TODO in Resources */ = {isa = PBXBuildFile; fileRef = AA47749218CF55370074BA46 /* TODO */; };
		AAA6A47C18C5F4B500804407 /* AccueilViewController.m in Sources */ = {isa = PBXBuildFile; fileRef = AAA6A47B18C5F4B500804407 /* AccueilViewController.m */; };
		AAD94BC218ED649B008B3057 /* SalonPopoverViewController.m in Sources */ = {isa = PBXBuildFile; fileRef = AAD94BC118ED649B008B3057 /* SalonPopoverViewController.m */; };
		AAE4FF0818F2EC670071123B /* Persistance.m in Sources */ = {isa = PBXBuildFile; fileRef = AAE4FF0718F2EC670071123B /* Persistance.m */; };
		AAE4FF0B18F2EC8A0071123B /* SalonViewController.m in Sources */ = {isa = PBXBuildFile; fileRef = AAE4FF0A18F2EC8A0071123B /* SalonViewController.m */; };
		AAE4FF0D18F2ECC40071123B /* Main.storyboard in Resources */ = {isa = PBXBuildFile; fileRef = AAE4FF0C18F2ECC40071123B /* Main.storyboard */; };
		AAF3C6B618C720FA00B92618 /* Document.m in Sources */ = {isa = PBXBuildFile; fileRef = AAF3C6B518C720FA00B92618 /* Document.m */; };
		AAF3C6B918C724C000B92618 /* Constants.m in Sources */ = {isa = PBXBuildFile; fileRef = AAF3C6B818C724C000B92618 /* Constants.m */; };
		AAF3C6BC18C7275F00B92618 /* Utils.m in Sources */ = {isa = PBXBuildFile; fileRef = AAF3C6BB18C7275F00B92618 /* Utils.m */; };
		AAF3C6BF18C7342000B92618 /* Salon.m in Sources */ = {isa = PBXBuildFile; fileRef = AAF3C6BE18C7342000B92618 /* Salon.m */; };
		AAF3C6C218C737CD00B92618 /* Pool.m in Sources */ = {isa = PBXBuildFile; fileRef = AAF3C6C118C737CD00B92618 /* Pool.m */; };
		AAFD6ED118F2CFF7000F697E /* ListeSalon.m in Sources */ = {isa = PBXBuildFile; fileRef = AAFD6ED018F2CFF7000F697E /* ListeSalon.m */; };
		AAFD6ED418F2D10F000F697E /* ListeDocument.m in Sources */ = {isa = PBXBuildFile; fileRef = AAFD6ED318F2D10F000F697E /* ListeDocument.m */; };
		AAFD6ED718F2D290000F697E /* ListePool.m in Sources */ = {isa = PBXBuildFile; fileRef = AAFD6ED618F2D290000F697E /* ListePool.m */; };
/* End PBXBuildFile section */

/* Begin PBXContainerItemProxy section */
		34BF44F218ACDB8800B66045 /* PBXContainerItemProxy */ = {
			isa = PBXContainerItemProxy;
			containerPortal = 34BF44C418ACDB8700B66045 /* Project object */;
			proxyType = 1;
			remoteGlobalIDString = 34BF44CB18ACDB8700B66045;
			remoteInfo = Conference;
		};
/* End PBXContainerItemProxy section */

/* Begin PBXFileReference section */
		34BF44CC18ACDB8700B66045 /* Conference.app */ = {isa = PBXFileReference; explicitFileType = wrapper.application; includeInIndex = 0; path = Conference.app; sourceTree = BUILT_PRODUCTS_DIR; };
		34BF44CF18ACDB8700B66045 /* Foundation.framework */ = {isa = PBXFileReference; lastKnownFileType = wrapper.framework; name = Foundation.framework; path = System/Library/Frameworks/Foundation.framework; sourceTree = SDKROOT; };
		34BF44D118ACDB8700B66045 /* CoreGraphics.framework */ = {isa = PBXFileReference; lastKnownFileType = wrapper.framework; name = CoreGraphics.framework; path = System/Library/Frameworks/CoreGraphics.framework; sourceTree = SDKROOT; };
		34BF44D318ACDB8700B66045 /* UIKit.framework */ = {isa = PBXFileReference; lastKnownFileType = wrapper.framework; name = UIKit.framework; path = System/Library/Frameworks/UIKit.framework; sourceTree = SDKROOT; };
		34BF44D718ACDB8700B66045 /* Conference-Info.plist */ = {isa = PBXFileReference; lastKnownFileType = text.plist.xml; path = "Conference-Info.plist"; sourceTree = "<group>"; };
		34BF44D918ACDB8700B66045 /* en */ = {isa = PBXFileReference; lastKnownFileType = text.plist.strings; name = en; path = en.lproj/InfoPlist.strings; sourceTree = "<group>"; };
		34BF44DB18ACDB8700B66045 /* main.m */ = {isa = PBXFileReference; lastKnownFileType = sourcecode.c.objc; path = main.m; sourceTree = "<group>"; };
		34BF44DD18ACDB8700B66045 /* Conference-Prefix.pch */ = {isa = PBXFileReference; lastKnownFileType = sourcecode.c.h; path = "Conference-Prefix.pch"; sourceTree = "<group>"; };
		34BF44DE18ACDB8700B66045 /* AppDelegate.h */ = {isa = PBXFileReference; lastKnownFileType = sourcecode.c.h; path = AppDelegate.h; sourceTree = "<group>"; };
		34BF44DF18ACDB8700B66045 /* AppDelegate.m */ = {isa = PBXFileReference; lastKnownFileType = sourcecode.c.objc; path = AppDelegate.m; sourceTree = "<group>"; };
		34BF44E418ACDB8700B66045 /* ViewController.h */ = {isa = PBXFileReference; lastKnownFileType = sourcecode.c.h; path = ViewController.h; sourceTree = "<group>"; };
		34BF44E518ACDB8700B66045 /* ViewController.m */ = {isa = PBXFileReference; lastKnownFileType = sourcecode.c.objc; path = ViewController.m; sourceTree = "<group>"; };
		34BF44E718ACDB8800B66045 /* Images.xcassets */ = {isa = PBXFileReference; lastKnownFileType = folder.assetcatalog; path = Images.xcassets; sourceTree = "<group>"; };
		34BF44ED18ACDB8800B66045 /* ConferenceTests.xctest */ = {isa = PBXFileReference; explicitFileType = wrapper.cfbundle; includeInIndex = 0; path = ConferenceTests.xctest; sourceTree = BUILT_PRODUCTS_DIR; };
		34BF44EE18ACDB8800B66045 /* XCTest.framework */ = {isa = PBXFileReference; lastKnownFileType = wrapper.framework; name = XCTest.framework; path = Library/Frameworks/XCTest.framework; sourceTree = DEVELOPER_DIR; };
		34BF44F618ACDB8800B66045 /* ConferenceTests-Info.plist */ = {isa = PBXFileReference; lastKnownFileType = text.plist.xml; path = "ConferenceTests-Info.plist"; sourceTree = "<group>"; };
		34BF44F818ACDB8800B66045 /* en */ = {isa = PBXFileReference; lastKnownFileType = text.plist.strings; name = en; path = en.lproj/InfoPlist.strings; sourceTree = "<group>"; };
		34BF44FA18ACDB8800B66045 /* ConferenceTests.m */ = {isa = PBXFileReference; lastKnownFileType = sourcecode.c.objc; path = ConferenceTests.m; sourceTree = "<group>"; };
		AA26B59B18ED6B9D00399BEA /* DocumentPopoverViewController.h */ = {isa = PBXFileReference; fileEncoding = 4; lastKnownFileType = sourcecode.c.h; path = DocumentPopoverViewController.h; sourceTree = "<group>"; };
		AA26B59C18ED6B9D00399BEA /* DocumentPopoverViewController.m */ = {isa = PBXFileReference; fileEncoding = 4; lastKnownFileType = sourcecode.c.objc; path = DocumentPopoverViewController.m; sourceTree = "<group>"; };
		AA27A6DB18ED8E5E000EAFE4 /* DocumentViewController.h */ = {isa = PBXFileReference; fileEncoding = 4; lastKnownFileType = sourcecode.c.h; path = DocumentViewController.h; sourceTree = "<group>"; };
		AA27A6DC18ED8E5E000EAFE4 /* DocumentViewController.m */ = {isa = PBXFileReference; fileEncoding = 4; lastKnownFileType = sourcecode.c.objc; path = DocumentViewController.m; sourceTree = "<group>"; };
		AA47749218CF55370074BA46 /* TODO */ = {isa = PBXFileReference; fileEncoding = 4; lastKnownFileType = text; path = TODO; sourceTree = "<group>"; };
		AAA6A47A18C5F4B500804407 /* AccueilViewController.h */ = {isa = PBXFileReference; fileEncoding = 4; lastKnownFileType = sourcecode.c.h; path = AccueilViewController.h; sourceTree = "<group>"; };
		AAA6A47B18C5F4B500804407 /* AccueilViewController.m */ = {isa = PBXFileReference; fileEncoding = 4; lastKnownFileType = sourcecode.c.objc; path = AccueilViewController.m; sourceTree = "<group>"; };
		AAD94BC018ED649B008B3057 /* SalonPopoverViewController.h */ = {isa = PBXFileReference; fileEncoding = 4; lastKnownFileType = sourcecode.c.h; path = SalonPopoverViewController.h; sourceTree = "<group>"; };
		AAD94BC118ED649B008B3057 /* SalonPopoverViewController.m */ = {isa = PBXFileReference; fileEncoding = 4; lastKnownFileType = sourcecode.c.objc; path = SalonPopoverViewController.m; sourceTree = "<group>"; };
		AAE4FF0618F2EC670071123B /* Persistance.h */ = {isa = PBXFileReference; fileEncoding = 4; lastKnownFileType = sourcecode.c.h; path = Persistance.h; sourceTree = "<group>"; };
		AAE4FF0718F2EC670071123B /* Persistance.m */ = {isa = PBXFileReference; fileEncoding = 4; lastKnownFileType = sourcecode.c.objc; path = Persistance.m; sourceTree = "<group>"; };
		AAE4FF0918F2EC8A0071123B /* SalonViewController.h */ = {isa = PBXFileReference; fileEncoding = 4; lastKnownFileType = sourcecode.c.h; path = SalonViewController.h; sourceTree = "<group>"; };
		AAE4FF0A18F2EC8A0071123B /* SalonViewController.m */ = {isa = PBXFileReference; fileEncoding = 4; lastKnownFileType = sourcecode.c.objc; path = SalonViewController.m; sourceTree = "<group>"; };
		AAE4FF0C18F2ECC40071123B /* Main.storyboard */ = {isa = PBXFileReference; fileEncoding = 4; lastKnownFileType = file.storyboard; path = Main.storyboard; sourceTree = "<group>"; };
		AAF3C6B418C720FA00B92618 /* Document.h */ = {isa = PBXFileReference; fileEncoding = 4; lastKnownFileType = sourcecode.c.h; path = Document.h; sourceTree = "<group>"; };
		AAF3C6B518C720FA00B92618 /* Document.m */ = {isa = PBXFileReference; fileEncoding = 4; lastKnownFileType = sourcecode.c.objc; path = Document.m; sourceTree = "<group>"; };
		AAF3C6B718C724C000B92618 /* Constants.h */ = {isa = PBXFileReference; fileEncoding = 4; lastKnownFileType = sourcecode.c.h; path = Constants.h; sourceTree = "<group>"; };
		AAF3C6B818C724C000B92618 /* Constants.m */ = {isa = PBXFileReference; fileEncoding = 4; lastKnownFileType = sourcecode.c.objc; path = Constants.m; sourceTree = "<group>"; };
		AAF3C6BA18C7275F00B92618 /* Utils.h */ = {isa = PBXFileReference; fileEncoding = 4; lastKnownFileType = sourcecode.c.h; path = Utils.h; sourceTree = "<group>"; };
		AAF3C6BB18C7275F00B92618 /* Utils.m */ = {isa = PBXFileReference; fileEncoding = 4; lastKnownFileType = sourcecode.c.objc; path = Utils.m; sourceTree = "<group>"; };
		AAF3C6BD18C7342000B92618 /* Salon.h */ = {isa = PBXFileReference; fileEncoding = 4; lastKnownFileType = sourcecode.c.h; path = Salon.h; sourceTree = "<group>"; };
		AAF3C6BE18C7342000B92618 /* Salon.m */ = {isa = PBXFileReference; fileEncoding = 4; lastKnownFileType = sourcecode.c.objc; path = Salon.m; sourceTree = "<group>"; };
		AAF3C6C018C737CD00B92618 /* Pool.h */ = {isa = PBXFileReference; fileEncoding = 4; lastKnownFileType = sourcecode.c.h; path = Pool.h; sourceTree = "<group>"; };
		AAF3C6C118C737CD00B92618 /* Pool.m */ = {isa = PBXFileReference; fileEncoding = 4; lastKnownFileType = sourcecode.c.objc; path = Pool.m; sourceTree = "<group>"; };
		AAFD6ECF18F2CFF7000F697E /* ListeSalon.h */ = {isa = PBXFileReference; fileEncoding = 4; lastKnownFileType = sourcecode.c.h; path = ListeSalon.h; sourceTree = "<group>"; };
		AAFD6ED018F2CFF7000F697E /* ListeSalon.m */ = {isa = PBXFileReference; fileEncoding = 4; lastKnownFileType = sourcecode.c.objc; path = ListeSalon.m; sourceTree = "<group>"; };
		AAFD6ED218F2D10F000F697E /* ListeDocument.h */ = {isa = PBXFileReference; fileEncoding = 4; lastKnownFileType = sourcecode.c.h; path = ListeDocument.h; sourceTree = "<group>"; };
		AAFD6ED318F2D10F000F697E /* ListeDocument.m */ = {isa = PBXFileReference; fileEncoding = 4; lastKnownFileType = sourcecode.c.objc; path = ListeDocument.m; sourceTree = "<group>"; };
		AAFD6ED518F2D290000F697E /* ListePool.h */ = {isa = PBXFileReference; fileEncoding = 4; lastKnownFileType = sourcecode.c.h; path = ListePool.h; sourceTree = "<group>"; };
		AAFD6ED618F2D290000F697E /* ListePool.m */ = {isa = PBXFileReference; fileEncoding = 4; lastKnownFileType = sourcecode.c.objc; path = ListePool.m; sourceTree = "<group>"; };
/* End PBXFileReference section */

/* Begin PBXFrameworksBuildPhase section */
		34BF44C918ACDB8700B66045 /* Frameworks */ = {
			isa = PBXFrameworksBuildPhase;
			buildActionMask = 2147483647;
			files = (
				34BF44D218ACDB8700B66045 /* CoreGraphics.framework in Frameworks */,
				34BF44D418ACDB8700B66045 /* UIKit.framework in Frameworks */,
				34BF44D018ACDB8700B66045 /* Foundation.framework in Frameworks */,
			);
			runOnlyForDeploymentPostprocessing = 0;
		};
		34BF44EA18ACDB8800B66045 /* Frameworks */ = {
			isa = PBXFrameworksBuildPhase;
			buildActionMask = 2147483647;
			files = (
				34BF44EF18ACDB8800B66045 /* XCTest.framework in Frameworks */,
				34BF44F118ACDB8800B66045 /* UIKit.framework in Frameworks */,
				34BF44F018ACDB8800B66045 /* Foundation.framework in Frameworks */,
			);
			runOnlyForDeploymentPostprocessing = 0;
		};
/* End PBXFrameworksBuildPhase section */

/* Begin PBXGroup section */
		34BF44C318ACDB8700B66045 = {
			isa = PBXGroup;
			children = (
				34BF44D518ACDB8700B66045 /* Conference */,
				34BF44F418ACDB8800B66045 /* ConferenceTests */,
				34BF44CE18ACDB8700B66045 /* Frameworks */,
				34BF44CD18ACDB8700B66045 /* Products */,
			);
			sourceTree = "<group>";
		};
		34BF44CD18ACDB8700B66045 /* Products */ = {
			isa = PBXGroup;
			children = (
				34BF44CC18ACDB8700B66045 /* Conference.app */,
				34BF44ED18ACDB8800B66045 /* ConferenceTests.xctest */,
			);
			name = Products;
			sourceTree = "<group>";
		};
		34BF44CE18ACDB8700B66045 /* Frameworks */ = {
			isa = PBXGroup;
			children = (
				34BF44CF18ACDB8700B66045 /* Foundation.framework */,
				34BF44D118ACDB8700B66045 /* CoreGraphics.framework */,
				34BF44D318ACDB8700B66045 /* UIKit.framework */,
				34BF44EE18ACDB8800B66045 /* XCTest.framework */,
			);
			name = Frameworks;
			sourceTree = "<group>";
		};
		34BF44D518ACDB8700B66045 /* Conference */ = {
			isa = PBXGroup;
			children = (
				AA47749218CF55370074BA46 /* TODO */,
				34BF44D618ACDB8700B66045 /* Supporting Files */,
				AA47749418CF56090074BA46 /* Utils */,
				AA574EC018C8937C00C25555 /* Controller */,
				AAF3C6C418C737DE00B92618 /* Model */,
				34BF44DE18ACDB8700B66045 /* AppDelegate.h */,
				AAE4FF0C18F2ECC40071123B /* Main.storyboard */,
				34BF44DF18ACDB8700B66045 /* AppDelegate.m */,
				34BF44E718ACDB8800B66045 /* Images.xcassets */,
			);
			path = Conference;
			sourceTree = "<group>";
		};
		34BF44D618ACDB8700B66045 /* Supporting Files */ = {
			isa = PBXGroup;
			children = (
				34BF44D718ACDB8700B66045 /* Conference-Info.plist */,
				34BF44D818ACDB8700B66045 /* InfoPlist.strings */,
				34BF44DB18ACDB8700B66045 /* main.m */,
				34BF44DD18ACDB8700B66045 /* Conference-Prefix.pch */,
			);
			name = "Supporting Files";
			sourceTree = "<group>";
		};
		34BF44F418ACDB8800B66045 /* ConferenceTests */ = {
			isa = PBXGroup;
			children = (
				34BF44FA18ACDB8800B66045 /* ConferenceTests.m */,
				34BF44F518ACDB8800B66045 /* Supporting Files */,
			);
			path = ConferenceTests;
			sourceTree = "<group>";
		};
		34BF44F518ACDB8800B66045 /* Supporting Files */ = {
			isa = PBXGroup;
			children = (
				34BF44F618ACDB8800B66045 /* ConferenceTests-Info.plist */,
				34BF44F718ACDB8800B66045 /* InfoPlist.strings */,
			);
			name = "Supporting Files";
			sourceTree = "<group>";
		};
		AA47749418CF56090074BA46 /* Utils */ = {
			isa = PBXGroup;
			children = (
				AAE4FF0618F2EC670071123B /* Persistance.h */,
				AAE4FF0718F2EC670071123B /* Persistance.m */,
				AAF3C6B718C724C000B92618 /* Constants.h */,
				AAF3C6B818C724C000B92618 /* Constants.m */,
				AAF3C6BA18C7275F00B92618 /* Utils.h */,
				AAF3C6BB18C7275F00B92618 /* Utils.m */,
			);
			name = Utils;
			sourceTree = "<group>";
		};
		AA574EC018C8937C00C25555 /* Controller */ = {
			isa = PBXGroup;
			children = (
				AAA6A47A18C5F4B500804407 /* AccueilViewController.h */,
				AAA6A47B18C5F4B500804407 /* AccueilViewController.m */,
				AA26B59B18ED6B9D00399BEA /* DocumentPopoverViewController.h */,
				AA26B59C18ED6B9D00399BEA /* DocumentPopoverViewController.m */,
				AA27A6DB18ED8E5E000EAFE4 /* DocumentViewController.h */,
				AA27A6DC18ED8E5E000EAFE4 /* DocumentViewController.m */,
				AAD94BC018ED649B008B3057 /* SalonPopoverViewController.h */,
				AAD94BC118ED649B008B3057 /* SalonPopoverViewController.m */,
				AAE4FF0918F2EC8A0071123B /* SalonViewController.h */,
				AAE4FF0A18F2EC8A0071123B /* SalonViewController.m */,
				34BF44E418ACDB8700B66045 /* ViewController.h */,
				34BF44E518ACDB8700B66045 /* ViewController.m */,
			);
			name = Controller;
			sourceTree = "<group>";
		};
		AAF3C6C418C737DE00B92618 /* Model */ = {
			isa = PBXGroup;
			children = (
				AAF3C6B418C720FA00B92618 /* Document.h */,
				AAF3C6B518C720FA00B92618 /* Document.m */,
				AAF3C6BD18C7342000B92618 /* Salon.h */,
				AAF3C6BE18C7342000B92618 /* Salon.m */,
				AAF3C6C018C737CD00B92618 /* Pool.h */,
				AAF3C6C118C737CD00B92618 /* Pool.m */,
				AAFD6ECF18F2CFF7000F697E /* ListeSalon.h */,
				AAFD6ED018F2CFF7000F697E /* ListeSalon.m */,
				AAFD6ED218F2D10F000F697E /* ListeDocument.h */,
				AAFD6ED318F2D10F000F697E /* ListeDocument.m */,
				AAFD6ED518F2D290000F697E /* ListePool.h */,
				AAFD6ED618F2D290000F697E /* ListePool.m */,
			);
			name = Model;
			sourceTree = "<group>";
		};
/* End PBXGroup section */

/* Begin PBXNativeTarget section */
		34BF44CB18ACDB8700B66045 /* Conference */ = {
			isa = PBXNativeTarget;
			buildConfigurationList = 34BF44FE18ACDB8800B66045 /* Build configuration list for PBXNativeTarget "Conference" */;
			buildPhases = (
				34BF44C818ACDB8700B66045 /* Sources */,
				34BF44C918ACDB8700B66045 /* Frameworks */,
				34BF44CA18ACDB8700B66045 /* Resources */,
			);
			buildRules = (
			);
			dependencies = (
			);
			name = Conference;
			productName = Conference;
			productReference = 34BF44CC18ACDB8700B66045 /* Conference.app */;
			productType = "com.apple.product-type.application";
		};
		34BF44EC18ACDB8800B66045 /* ConferenceTests */ = {
			isa = PBXNativeTarget;
			buildConfigurationList = 34BF450118ACDB8800B66045 /* Build configuration list for PBXNativeTarget "ConferenceTests" */;
			buildPhases = (
				34BF44E918ACDB8800B66045 /* Sources */,
				34BF44EA18ACDB8800B66045 /* Frameworks */,
				34BF44EB18ACDB8800B66045 /* Resources */,
			);
			buildRules = (
			);
			dependencies = (
				34BF44F318ACDB8800B66045 /* PBXTargetDependency */,
			);
			name = ConferenceTests;
			productName = ConferenceTests;
			productReference = 34BF44ED18ACDB8800B66045 /* ConferenceTests.xctest */;
			productType = "com.apple.product-type.bundle.unit-test";
		};
/* End PBXNativeTarget section */

/* Begin PBXProject section */
		34BF44C418ACDB8700B66045 /* Project object */ = {
			isa = PBXProject;
			attributes = {
				LastUpgradeCheck = 0500;
				ORGANIZATIONNAME = "ios-developpers";
				TargetAttributes = {
					34BF44EC18ACDB8800B66045 = {
						TestTargetID = 34BF44CB18ACDB8700B66045;
					};
				};
			};
			buildConfigurationList = 34BF44C718ACDB8700B66045 /* Build configuration list for PBXProject "Conference" */;
			compatibilityVersion = "Xcode 3.2";
			developmentRegion = English;
			hasScannedForEncodings = 0;
			knownRegions = (
				en,
				Base,
			);
			mainGroup = 34BF44C318ACDB8700B66045;
			productRefGroup = 34BF44CD18ACDB8700B66045 /* Products */;
			projectDirPath = "";
			projectRoot = "";
			targets = (
				34BF44CB18ACDB8700B66045 /* Conference */,
				34BF44EC18ACDB8800B66045 /* ConferenceTests */,
			);
		};
/* End PBXProject section */

/* Begin PBXResourcesBuildPhase section */
		34BF44CA18ACDB8700B66045 /* Resources */ = {
			isa = PBXResourcesBuildPhase;
			buildActionMask = 2147483647;
			files = (
				34BF44E818ACDB8800B66045 /* Images.xcassets in Resources */,
				34BF44DA18ACDB8700B66045 /* InfoPlist.strings in Resources */,
				AA47749318CF55370074BA46 /* TODO in Resources */,
				AAE4FF0D18F2ECC40071123B /* Main.storyboard in Resources */,
			);
			runOnlyForDeploymentPostprocessing = 0;
		};
		34BF44EB18ACDB8800B66045 /* Resources */ = {
			isa = PBXResourcesBuildPhase;
			buildActionMask = 2147483647;
			files = (
				34BF44F918ACDB8800B66045 /* InfoPlist.strings in Resources */,
			);
			runOnlyForDeploymentPostprocessing = 0;
		};
/* End PBXResourcesBuildPhase section */

/* Begin PBXSourcesBuildPhase section */
		34BF44C818ACDB8700B66045 /* Sources */ = {
			isa = PBXSourcesBuildPhase;
			buildActionMask = 2147483647;
			files = (
				34BF44E618ACDB8700B66045 /* ViewController.m in Sources */,
				AAFD6ED418F2D10F000F697E /* ListeDocument.m in Sources */,
				AAE4FF0818F2EC670071123B /* Persistance.m in Sources */,
				34BF44E018ACDB8700B66045 /* AppDelegate.m in Sources */,
				AA27A6DD18ED8E5E000EAFE4 /* DocumentViewController.m in Sources */,
				AA26B59D18ED6B9D00399BEA /* DocumentPopoverViewController.m in Sources */,
				AAFD6ED118F2CFF7000F697E /* ListeSalon.m in Sources */,
				AAFD6ED718F2D290000F697E /* ListePool.m in Sources */,
				AAD94BC218ED649B008B3057 /* SalonPopoverViewController.m in Sources */,
				AAA6A47C18C5F4B500804407 /* AccueilViewController.m in Sources */,
				AAF3C6B618C720FA00B92618 /* Document.m in Sources */,
				34BF44DC18ACDB8700B66045 /* main.m in Sources */,
				AAF3C6BC18C7275F00B92618 /* Utils.m in Sources */,
				AAF3C6B918C724C000B92618 /* Constants.m in Sources */,
				AAF3C6BF18C7342000B92618 /* Salon.m in Sources */,
				AAE4FF0B18F2EC8A0071123B /* SalonViewController.m in Sources */,
				AAF3C6C218C737CD00B92618 /* Pool.m in Sources */,
			);
			runOnlyForDeploymentPostprocessing = 0;
		};
		34BF44E918ACDB8800B66045 /* Sources */ = {
			isa = PBXSourcesBuildPhase;
			buildActionMask = 2147483647;
			files = (
				34BF44FB18ACDB8800B66045 /* ConferenceTests.m in Sources */,
			);
			runOnlyForDeploymentPostprocessing = 0;
		};
/* End PBXSourcesBuildPhase section */

/* Begin PBXTargetDependency section */
		34BF44F318ACDB8800B66045 /* PBXTargetDependency */ = {
			isa = PBXTargetDependency;
			target = 34BF44CB18ACDB8700B66045 /* Conference */;
			targetProxy = 34BF44F218ACDB8800B66045 /* PBXContainerItemProxy */;
		};
/* End PBXTargetDependency section */

/* Begin PBXVariantGroup section */
		34BF44D818ACDB8700B66045 /* InfoPlist.strings */ = {
			isa = PBXVariantGroup;
			children = (
				34BF44D918ACDB8700B66045 /* en */,
			);
			name = InfoPlist.strings;
			sourceTree = "<group>";
		};
		34BF44F718ACDB8800B66045 /* InfoPlist.strings */ = {
			isa = PBXVariantGroup;
			children = (
				34BF44F818ACDB8800B66045 /* en */,
			);
			name = InfoPlist.strings;
			sourceTree = "<group>";
		};
/* End PBXVariantGroup section */

/* Begin XCBuildConfiguration section */
		34BF44FC18ACDB8800B66045 /* Debug */ = {
			isa = XCBuildConfiguration;
			buildSettings = {
				ALWAYS_SEARCH_USER_PATHS = NO;
				ARCHS = "$(ARCHS_STANDARD_INCLUDING_64_BIT)";
				CLANG_CXX_LANGUAGE_STANDARD = "gnu++0x";
				CLANG_CXX_LIBRARY = "libc++";
				CLANG_ENABLE_MODULES = YES;
				CLANG_ENABLE_OBJC_ARC = YES;
				CLANG_WARN_BOOL_CONVERSION = YES;
				CLANG_WARN_CONSTANT_CONVERSION = YES;
				CLANG_WARN_DIRECT_OBJC_ISA_USAGE = YES_ERROR;
				CLANG_WARN_EMPTY_BODY = YES;
				CLANG_WARN_ENUM_CONVERSION = YES;
				CLANG_WARN_INT_CONVERSION = YES;
				CLANG_WARN_OBJC_ROOT_CLASS = YES_ERROR;
				CLANG_WARN__DUPLICATE_METHOD_MATCH = YES;
				"CODE_SIGN_IDENTITY[sdk=iphoneos*]" = "iPhone Developer";
				COPY_PHASE_STRIP = NO;
				GCC_C_LANGUAGE_STANDARD = gnu99;
				GCC_DYNAMIC_NO_PIC = NO;
				GCC_OPTIMIZATION_LEVEL = 0;
				GCC_PREPROCESSOR_DEFINITIONS = (
					"DEBUG=1",
					"$(inherited)",
				);
				GCC_SYMBOLS_PRIVATE_EXTERN = NO;
				GCC_WARN_64_TO_32_BIT_CONVERSION = YES;
				GCC_WARN_ABOUT_RETURN_TYPE = YES_ERROR;
				GCC_WARN_UNDECLARED_SELECTOR = YES;
				GCC_WARN_UNINITIALIZED_AUTOS = YES;
				GCC_WARN_UNUSED_FUNCTION = YES;
				GCC_WARN_UNUSED_VARIABLE = YES;
				IPHONEOS_DEPLOYMENT_TARGET = 7.0;
				ONLY_ACTIVE_ARCH = YES;
				SDKROOT = iphoneos;
				TARGETED_DEVICE_FAMILY = 2;
			};
			name = Debug;
		};
		34BF44FD18ACDB8800B66045 /* Release */ = {
			isa = XCBuildConfiguration;
			buildSettings = {
				ALWAYS_SEARCH_USER_PATHS = NO;
				ARCHS = "$(ARCHS_STANDARD_INCLUDING_64_BIT)";
				CLANG_CXX_LANGUAGE_STANDARD = "gnu++0x";
				CLANG_CXX_LIBRARY = "libc++";
				CLANG_ENABLE_MODULES = YES;
				CLANG_ENABLE_OBJC_ARC = YES;
				CLANG_WARN_BOOL_CONVERSION = YES;
				CLANG_WARN_CONSTANT_CONVERSION = YES;
				CLANG_WARN_DIRECT_OBJC_ISA_USAGE = YES_ERROR;
				CLANG_WARN_EMPTY_BODY = YES;
				CLANG_WARN_ENUM_CONVERSION = YES;
				CLANG_WARN_INT_CONVERSION = YES;
				CLANG_WARN_OBJC_ROOT_CLASS = YES_ERROR;
				CLANG_WARN__DUPLICATE_METHOD_MATCH = YES;
				"CODE_SIGN_IDENTITY[sdk=iphoneos*]" = "iPhone Developer";
				COPY_PHASE_STRIP = YES;
				ENABLE_NS_ASSERTIONS = NO;
				GCC_C_LANGUAGE_STANDARD = gnu99;
				GCC_WARN_64_TO_32_BIT_CONVERSION = YES;
				GCC_WARN_ABOUT_RETURN_TYPE = YES_ERROR;
				GCC_WARN_UNDECLARED_SELECTOR = YES;
				GCC_WARN_UNINITIALIZED_AUTOS = YES;
				GCC_WARN_UNUSED_FUNCTION = YES;
				GCC_WARN_UNUSED_VARIABLE = YES;
				IPHONEOS_DEPLOYMENT_TARGET = 7.0;
				SDKROOT = iphoneos;
				TARGETED_DEVICE_FAMILY = 2;
				VALIDATE_PRODUCT = YES;
			};
			name = Release;
		};
		34BF44FF18ACDB8800B66045 /* Debug */ = {
			isa = XCBuildConfiguration;
			buildSettings = {
				ASSETCATALOG_COMPILER_APPICON_NAME = AppIcon;
				ASSETCATALOG_COMPILER_LAUNCHIMAGE_NAME = LaunchImage;
				GCC_PRECOMPILE_PREFIX_HEADER = YES;
				GCC_PREFIX_HEADER = "Conference/Conference-Prefix.pch";
				INFOPLIST_FILE = "Conference/Conference-Info.plist";
				INSTALL_PATH = /Users/Shared;
				"INSTALL_PATH[sdk=*]" = /Users/Shared;
				PRODUCT_NAME = "$(TARGET_NAME)";
				TARGETED_DEVICE_FAMILY = 2;
				WRAPPER_EXTENSION = app;
			};
			name = Debug;
		};
		34BF450018ACDB8800B66045 /* Release */ = {
			isa = XCBuildConfiguration;
			buildSettings = {
				ASSETCATALOG_COMPILER_APPICON_NAME = AppIcon;
				ASSETCATALOG_COMPILER_LAUNCHIMAGE_NAME = LaunchImage;
				GCC_PRECOMPILE_PREFIX_HEADER = YES;
				GCC_PREFIX_HEADER = "Conference/Conference-Prefix.pch";
				INFOPLIST_FILE = "Conference/Conference-Info.plist";
				INSTALL_PATH = /Users/Shared;
				PRODUCT_NAME = "$(TARGET_NAME)";
				TARGETED_DEVICE_FAMILY = 2;
				WRAPPER_EXTENSION = app;
			};
			name = Release;
		};
		34BF450218ACDB8800B66045 /* Debug */ = {
			isa = XCBuildConfiguration;
			buildSettings = {
				ARCHS = "$(ARCHS_STANDARD_INCLUDING_64_BIT)";
				BUNDLE_LOADER = "$(BUILT_PRODUCTS_DIR)/Conference.app/Conference";
				FRAMEWORK_SEARCH_PATHS = (
					"$(SDKROOT)/Developer/Library/Frameworks",
					"$(inherited)",
					"$(DEVELOPER_FRAMEWORKS_DIR)",
				);
				GCC_PRECOMPILE_PREFIX_HEADER = YES;
				GCC_PREFIX_HEADER = "Conference/Conference-Prefix.pch";
				GCC_PREPROCESSOR_DEFINITIONS = (
					"DEBUG=1",
					"$(inherited)",
				);
				INFOPLIST_FILE = "ConferenceTests/ConferenceTests-Info.plist";
				PRODUCT_NAME = "$(TARGET_NAME)";
				TEST_HOST = "$(BUNDLE_LOADER)";
				WRAPPER_EXTENSION = xctest;
			};
			name = Debug;
		};
		34BF450318ACDB8800B66045 /* Release */ = {
			isa = XCBuildConfiguration;
			buildSettings = {
				ARCHS = "$(ARCHS_STANDARD_INCLUDING_64_BIT)";
				BUNDLE_LOADER = "$(BUILT_PRODUCTS_DIR)/Conference.app/Conference";
				FRAMEWORK_SEARCH_PATHS = (
					"$(SDKROOT)/Developer/Library/Frameworks",
					"$(inherited)",
					"$(DEVELOPER_FRAMEWORKS_DIR)",
				);
				GCC_PRECOMPILE_PREFIX_HEADER = YES;
				GCC_PREFIX_HEADER = "Conference/Conference-Prefix.pch";
				INFOPLIST_FILE = "ConferenceTests/ConferenceTests-Info.plist";
				PRODUCT_NAME = "$(TARGET_NAME)";
				TEST_HOST = "$(BUNDLE_LOADER)";
				WRAPPER_EXTENSION = xctest;
			};
			name = Release;
		};
/* End XCBuildConfiguration section */

/* Begin XCConfigurationList section */
		34BF44C718ACDB8700B66045 /* Build configuration list for PBXProject "Conference" */ = {
			isa = XCConfigurationList;
			buildConfigurations = (
				34BF44FC18ACDB8800B66045 /* Debug */,
				34BF44FD18ACDB8800B66045 /* Release */,
			);
			defaultConfigurationIsVisible = 0;
			defaultConfigurationName = Release;
		};
		34BF44FE18ACDB8800B66045 /* Build configuration list for PBXNativeTarget "Conference" */ = {
			isa = XCConfigurationList;
			buildConfigurations = (
				34BF44FF18ACDB8800B66045 /* Debug */,
				34BF450018ACDB8800B66045 /* Release */,
			);
			defaultConfigurationIsVisible = 0;
			defaultConfigurationName = Release;
		};
		34BF450118ACDB8800B66045 /* Build configuration list for PBXNativeTarget "ConferenceTests" */ = {
			isa = XCConfigurationList;
			buildConfigurations = (
				34BF450218ACDB8800B66045 /* Debug */,
				34BF450318ACDB8800B66045 /* Release */,
			);
			defaultConfigurationIsVisible = 0;
			defaultConfigurationName = Release;
		};
/* End XCConfigurationList section */
	};
	rootObject = 34BF44C418ACDB8700B66045 /* Project object */;
}
